
Microsoft Visual Studio Solution File, Format Version 12.00
# Visual Studio 2013
Project("{8BC9CEB8-8B4A-11D0-8D11-00A0C91BC942}") = "vertexSphere", "vertexSphere.vcxproj", "{42BADEF7-3EF7-4102-88B4-A7B94F8F0DB2}"
EndProject
Global
	GlobalSection(SolutionConfigurationPlatforms) = preSolution
		Debug|Win32 = Debug|Win32
		Release|Win32 = Release|Win32
	EndGlobalSection
	GlobalSection(ProjectConfigurationPlatforms) = postSolution
		{42BADEF7-3EF7-4102-88B4-A7B94F8F0DB2}.Debug|Win32.ActiveCfg = Debug|Win32
		{42BADEF7-3EF7-4102-88B4-A7B94F8F0DB2}.Debug|Win32.Build.0 = Debug|Win32
		{42BADEF7-3EF7-4102-88B4-A7B94F8F0DB2}.Release|Win32.ActiveCfg = Release|Win32
		{42BADEF7-3EF7-4102-88B4-A7B94F8F0DB2}.Release|Win32.Build.0 = Release|Win32
	EndGlobalSection
	GlobalSection(SolutionProperties) = preSolution
		HideSolutionNode = FALSE
	EndGlobalSection
EndGlobal
